
Microsoft Visual Studio Solution File, Format Version 12.00
# Visual Studio 15
VisualStudioVersion = 15.0.27130.2024
MinimumVisualStudioVersion = 10.0.40219.1
Project("{FAE04EC0-301F-11D3-BF4B-00C04F79EFBC}") = "Arac takip", "Arac takip\Arac takip.csproj", "{969BD564-4047-4C6A-ABCE-CF239F3C021E}"
EndProject
Global
	GlobalSection(SolutionConfigurationPlatforms) = preSolution
		Debug|Any CPU = Debug|Any CPU
		Release|Any CPU = Release|Any CPU
	EndGlobalSection
	GlobalSection(ProjectConfigurationPlatforms) = postSolution
		{969BD564-4047-4C6A-ABCE-CF239F3C021E}.Debug|Any CPU.ActiveCfg = Debug|Any CPU
		{969BD564-4047-4C6A-ABCE-CF239F3C021E}.Debug|Any CPU.Build.0 = Debug|Any CPU
		{969BD564-4047-4C6A-ABCE-CF239F3C021E}.Release|Any CPU.ActiveCfg = Release|Any CPU
		{969BD564-4047-4C6A-ABCE-CF239F3C021E}.Release|Any CPU.Build.0 = Release|Any CPU
	EndGlobalSection
	GlobalSection(SolutionProperties) = preSolution
		HideSolutionNode = FALSE
	EndGlobalSection
	GlobalSection(ExtensibilityGlobals) = postSolution
		SolutionGuid = {4EFDA36F-D18C-4409-ADD5-FA415297E660}
	EndGlobalSection
EndGlobal
